schema: '2.0'
stages:
  download:
    cmd: python -m startup_success_predictor.data.download
    deps:
    - path: startup_success_predictor/data/download.py
      hash: md5
      md5: d44160cdeed712cfca395553d87e6703
      size: 3083
    outs:
    - path: data/raw
      hash: md5
      md5: f10f59c0b4398d5f61ed4efe4fc37db6.dir
      size: 10942450
      nfiles: 1
