schema: '2.0'
stages:
  download:
    cmd: uv run python -m startup_success_predictor.data.download
    deps:
    - path: startup_success_predictor/data/download.py
      hash: md5
      md5: be061f5293cb6b7f91cbc9265d044ee4
      size: 2975
    outs:
    - path: data/raw
      hash: md5
      md5: f10f59c0b4398d5f61ed4efe4fc37db6.dir
      size: 10942450
      nfiles: 1
